# THIS IS AN AUTOGENERATED FILE. DO NOT EDIT THIS FILE DIRECTLY.
# yarn lockfile v1


"@js-joda/core@5.4.2":
  version "5.4.2"
  resolved "https://registry.yarnpkg.com/@js-joda/core/-/core-5.4.2.tgz#fedb8b4b98cf0750daf5802fa2a661edbf83892b"
  integrity sha512-QIDIZ9a0NfDStgD47VaTgwiPjlw1p4QPLwjOB/9+/DqIztoQopPNNAd+HdtQMHgE+ibP3dJacd8/TVL/A1RaaA==

bignumber.js@9.1.0:
  version "9.1.0"
  resolved "https://registry.yarnpkg.com/bignumber.js/-/bignumber.js-9.1.0.tgz#8d340146107fe3a6cb8d40699643c302e8773b62"
  integrity sha512-4LwHK4nfDOraBCtst+wOWIHbu1vhvAPJK8g8nROd4iuc3PSEjWif/qwbkh8jwCJz6yDBvtU4KPynETgrfh7y3A==

tslib@2.4.0:
  version "2.4.0"
  resolved "https://registry.yarnpkg.com/tslib/-/tslib-2.4.0.tgz#7cecaa7f073ce680a05847aa77be941098f36dc3"
  integrity sha512-d6xOpEDfsi2CZVlPQzGeux8XMwLT9hssAsaPYExaQMuYskwb+x1x7J371tWlbBdWHroy99KnVB6qIkUbs5X3UQ==
